// !$*UTF8*$!
{
	archiveVersion = 1;
	classes = {
	};
	objectVersion = 55;
	objects = {

/* Begin PBXBuildFile section */
		B60F63CE28C8969500E857FC /* AppDelegate.swift in Sources */ = {isa = PBXBuildFile; fileRef = B60F63CD28C8969500E857FC /* AppDelegate.swift */; };
		B60F63D028C8969500E857FC /* SceneDelegate.swift in Sources */ = {isa = PBXBuildFile; fileRef = B60F63CF28C8969500E857FC /* SceneDelegate.swift */; };
		B60F63D228C8969500E857FC /* ViewController.swift in Sources */ = {isa = PBXBuildFile; fileRef = B60F63D128C8969500E857FC /* ViewController.swift */; };
		B60F63D528C8969500E857FC /* Main.storyboard in Resources */ = {isa = PBXBuildFile; fileRef = B60F63D328C8969500E857FC /* Main.storyboard */; };
		B60F63D728C8969700E857FC /* Assets.xcassets in Resources */ = {isa = PBXBuildFile; fileRef = B60F63D628C8969700E857FC /* Assets.xcassets */; };
		B60F63DA28C8969700E857FC /* LaunchScreen.storyboard in Resources */ = {isa = PBXBuildFile; fileRef = B60F63D828C8969700E857FC /* LaunchScreen.storyboard */; };
		B60F63E228C89EA400E857FC /* Quote.swift in Sources */ = {isa = PBXBuildFile; fileRef = B60F63E128C89EA400E857FC /* Quote.swift */; };
		B60F63E428C8A0C400E857FC /* NetworkError.swift in Sources */ = {isa = PBXBuildFile; fileRef = B60F63E328C8A0C400E857FC /* NetworkError.swift */; };
		B60F63E628C8A6A900E857FC /* CustomViewVC.swift in Sources */ = {isa = PBXBuildFile; fileRef = B60F63E528C8A6A900E857FC /* CustomViewVC.swift */; };
		B60F63EA28C8A83900E857FC /* MainLogoButton.swift in Sources */ = {isa = PBXBuildFile; fileRef = B60F63E928C8A83900E857FC /* MainLogoButton.swift */; };
/* End PBXBuildFile section */

/* Begin PBXFileReference section */
		B60F63CA28C8969500E857FC /* ResultType-Example.app */ = {isa = PBXFileReference; explicitFileType = wrapper.application; includeInIndex = 0; path = "ResultType-Example.app"; sourceTree = BUILT_PRODUCTS_DIR; };
		B60F63CD28C8969500E857FC /* AppDelegate.swift */ = {isa = PBXFileReference; lastKnownFileType = sourcecode.swift; path = AppDelegate.swift; sourceTree = "<group>"; };
		B60F63CF28C8969500E857FC /* SceneDelegate.swift */ = {isa = PBXFileReference; lastKnownFileType = sourcecode.swift; path = SceneDelegate.swift; sourceTree = "<group>"; };
		B60F63D128C8969500E857FC /* ViewController.swift */ = {isa = PBXFileReference; lastKnownFileType = sourcecode.swift; path = ViewController.swift; sourceTree = "<group>"; };
		B60F63D428C8969500E857FC /* Base */ = {isa = PBXFileReference; lastKnownFileType = file.storyboard; name = Base; path = Base.lproj/Main.storyboard; sourceTree = "<group>"; };
		B60F63D628C8969700E857FC /* Assets.xcassets */ = {isa = PBXFileReference; lastKnownFileType = folder.assetcatalog; path = Assets.xcassets; sourceTree = "<group>"; };
		B60F63D928C8969700E857FC /* Base */ = {isa = PBXFileReference; lastKnownFileType = file.storyboard; name = Base; path = Base.lproj/LaunchScreen.storyboard; sourceTree = "<group>"; };
		B60F63DB28C8969700E857FC /* Info.plist */ = {isa = PBXFileReference; lastKnownFileType = text.plist.xml; path = Info.plist; sourceTree = "<group>"; };
		B60F63E128C89EA400E857FC /* Quote.swift */ = {isa = PBXFileReference; lastKnownFileType = sourcecode.swift; path = Quote.swift; sourceTree = "<group>"; };
		B60F63E328C8A0C400E857FC /* NetworkError.swift */ = {isa = PBXFileReference; lastKnownFileType = sourcecode.swift; path = NetworkError.swift; sourceTree = "<group>"; };
		B60F63E528C8A6A900E857FC /* CustomViewVC.swift */ = {isa = PBXFileReference; lastKnownFileType = sourcecode.swift; path = CustomViewVC.swift; sourceTree = "<group>"; };
		B60F63E928C8A83900E857FC /* MainLogoButton.swift */ = {isa = PBXFileReference; lastKnownFileType = sourcecode.swift; path = MainLogoButton.swift; sourceTree = "<group>"; };
/* End PBXFileReference section */

/* Begin PBXFrameworksBuildPhase section */
		B60F63C728C8969500E857FC /* Frameworks */ = {
			isa = PBXFrameworksBuildPhase;
			buildActionMask = 2147483647;
			files = (
			);
			runOnlyForDeploymentPostprocessing = 0;
		};
/* End PBXFrameworksBuildPhase section */

/* Begin PBXGroup section */
		B60F63C128C8969500E857FC = {
			isa = PBXGroup;
			children = (
				B60F63CC28C8969500E857FC /* ResultType-Example */,
				B60F63CB28C8969500E857FC /* Products */,
			);
			sourceTree = "<group>";
		};
		B60F63CB28C8969500E857FC /* Products */ = {
			isa = PBXGroup;
			children = (
				B60F63CA28C8969500E857FC /* ResultType-Example.app */,
			);
			name = Products;
			sourceTree = "<group>";
		};
		B60F63CC28C8969500E857FC /* ResultType-Example */ = {
			isa = PBXGroup;
			children = (
				B60F63DB28C8969700E857FC /* Info.plist */,
				B60F63D628C8969700E857FC /* Assets.xcassets */,
				B60F63D828C8969700E857FC /* LaunchScreen.storyboard */,
				B60F63D328C8969500E857FC /* Main.storyboard */,
				B60F63CD28C8969500E857FC /* AppDelegate.swift */,
				B60F63CF28C8969500E857FC /* SceneDelegate.swift */,
				B60F643A28CD22CE00E857FC /* Result */,
				B60F643B28CD22E300E857FC /* CustomView */,
			);
			path = "ResultType-Example";
			sourceTree = "<group>";
		};
		B60F643A28CD22CE00E857FC /* Result */ = {
			isa = PBXGroup;
			children = (
				B60F63D128C8969500E857FC /* ViewController.swift */,
				B60F63E128C89EA400E857FC /* Quote.swift */,
				B60F63E328C8A0C400E857FC /* NetworkError.swift */,
			);
			name = Result;
			sourceTree = "<group>";
		};
		B60F643B28CD22E300E857FC /* CustomView */ = {
			isa = PBXGroup;
			children = (
				B60F63E528C8A6A900E857FC /* CustomViewVC.swift */,
				B60F63E928C8A83900E857FC /* MainLogoButton.swift */,
			);
			name = CustomView;
			sourceTree = "<group>";
		};
/* End PBXGroup section */

/* Begin PBXNativeTarget section */
		B60F63C928C8969500E857FC /* ResultType-Example */ = {
			isa = PBXNativeTarget;
			buildConfigurationList = B60F63DE28C8969700E857FC /* Build configuration list for PBXNativeTarget "ResultType-Example" */;
			buildPhases = (
				B60F63C628C8969500E857FC /* Sources */,
				B60F63C728C8969500E857FC /* Frameworks */,
				B60F63C828C8969500E857FC /* Resources */,
			);
			buildRules = (
			);
			dependencies = (
			);
			name = "ResultType-Example";
			productName = "ResultType-Example";
			productReference = B60F63CA28C8969500E857FC /* ResultType-Example.app */;
			productType = "com.apple.product-type.application";
		};
/* End PBXNativeTarget section */

/* Begin PBXProject section */
		B60F63C228C8969500E857FC /* Project object */ = {
			isa = PBXProject;
			attributes = {
				BuildIndependentTargetsInParallel = 1;
				LastSwiftUpdateCheck = 1320;
				LastUpgradeCheck = 1320;
				TargetAttributes = {
					B60F63C928C8969500E857FC = {
						CreatedOnToolsVersion = 13.2.1;
					};
				};
			};
			buildConfigurationList = B60F63C528C8969500E857FC /* Build configuration list for PBXProject "ResultType-Example" */;
			compatibilityVersion = "Xcode 13.0";
			developmentRegion = en;
			hasScannedForEncodings = 0;
			knownRegions = (
				en,
				Base,
			);
			mainGroup = B60F63C128C8969500E857FC;
			productRefGroup = B60F63CB28C8969500E857FC /* Products */;
			projectDirPath = "";
			projectRoot = "";
			targets = (
				B60F63C928C8969500E857FC /* ResultType-Example */,
			);
		};
/* End PBXProject section */

/* Begin PBXResourcesBuildPhase section */
		B60F63C828C8969500E857FC /* Resources */ = {
			isa = PBXResourcesBuildPhase;
			buildActionMask = 2147483647;
			files = (
				B60F63DA28C8969700E857FC /* LaunchScreen.storyboard in Resources */,
				B60F63D728C8969700E857FC /* Assets.xcassets in Resources */,
				B60F63D528C8969500E857FC /* Main.storyboard in Resources */,
			);
			runOnlyForDeploymentPostprocessing = 0;
		};
/* End PBXResourcesBuildPhase section */

/* Begin PBXSourcesBuildPhase section */
		B60F63C628C8969500E857FC /* Sources */ = {
			isa = PBXSourcesBuildPhase;
			buildActionMask = 2147483647;
			files = (
				B60F63EA28C8A83900E857FC /* MainLogoButton.swift in Sources */,
				B60F63E228C89EA400E857FC /* Quote.swift in Sources */,
				B60F63D228C8969500E857FC /* ViewController.swift in Sources */,
				B60F63CE28C8969500E857FC /* AppDelegate.swift in Sources */,
				B60F63D028C8969500E857FC /* SceneDelegate.swift in Sources */,
				B60F63E628C8A6A900E857FC /* CustomViewVC.swift in Sources */,
				B60F63E428C8A0C400E857FC /* NetworkError.swift in Sources */,
			);
			runOnlyForDeploymentPostprocessing = 0;
		};
/* End PBXSourcesBuildPhase section */

/* Begin PBXVariantGroup section */
		B60F63D328C8969500E857FC /* Main.storyboard */ = {
			isa = PBXVariantGroup;
			children = (
				B60F63D428C8969500E857FC /* Base */,
			);
			name = Main.storyboard;
			sourceTree = "<group>";
		};
		B60F63D828C8969700E857FC /* LaunchScreen.storyboard */ = {
			isa = PBXVariantGroup;
			children = (
				B60F63D928C8969700E857FC /* Base */,
			);
			name = LaunchScreen.storyboard;
			sourceTree = "<group>";
		};
/* End PBXVariantGroup section */

/* Begin XCBuildConfiguration section */
		B60F63DC28C8969700E857FC /* Debug */ = {
			isa = XCBuildConfiguration;
			buildSettings = {
				ALWAYS_SEARCH_USER_PATHS = NO;
				CLANG_ANALYZER_NONNULL = YES;
				CLANG_ANALYZER_NUMBER_OBJECT_CONVERSION = YES_AGGRESSIVE;
				CLANG_CXX_LANGUAGE_STANDARD = "gnu++17";
				CLANG_CXX_LIBRARY = "libc++";
				CLANG_ENABLE_MODULES = YES;
				CLANG_ENABLE_OBJC_ARC = YES;
				CLANG_ENABLE_OBJC_WEAK = YES;
				CLANG_WARN_BLOCK_CAPTURE_AUTORELEASING = YES;
				CLANG_WARN_BOOL_CONVERSION = YES;
				CLANG_WARN_COMMA = YES;
				CLANG_WARN_CONSTANT_CONVERSION = YES;
				CLANG_WARN_DEPRECATED_OBJC_IMPLEMENTATIONS = YES;
				CLANG_WARN_DIRECT_OBJC_ISA_USAGE = YES_ERROR;
				CLANG_WARN_DOCUMENTATION_COMMENTS = YES;
				CLANG_WARN_EMPTY_BODY = YES;
				CLANG_WARN_ENUM_CONVERSION = YES;
				CLANG_WARN_INFINITE_RECURSION = YES;
				CLANG_WARN_INT_CONVERSION = YES;
				CLANG_WARN_NON_LITERAL_NULL_CONVERSION = YES;
				CLANG_WARN_OBJC_IMPLICIT_RETAIN_SELF = YES;
				CLANG_WARN_OBJC_LITERAL_CONVERSION = YES;
				CLANG_WARN_OBJC_ROOT_CLASS = YES_ERROR;
				CLANG_WARN_QUOTED_INCLUDE_IN_FRAMEWORK_HEADER = YES;
				CLANG_WARN_RANGE_LOOP_ANALYSIS = YES;
				CLANG_WARN_STRICT_PROTOTYPES = YES;
				CLANG_WARN_SUSPICIOUS_MOVE = YES;
				CLANG_WARN_UNGUARDED_AVAILABILITY = YES_AGGRESSIVE;
				CLANG_WARN_UNREACHABLE_CODE = YES;
				CLANG_WARN__DUPLICATE_METHOD_MATCH = YES;
				COPY_PHASE_STRIP = NO;
				DEBUG_INFORMATION_FORMAT = dwarf;
				ENABLE_STRICT_OBJC_MSGSEND = YES;
				ENABLE_TESTABILITY = YES;
				GCC_C_LANGUAGE_STANDARD = gnu11;
				GCC_DYNAMIC_NO_PIC = NO;
				GCC_NO_COMMON_BLOCKS = YES;
				GCC_OPTIMIZATION_LEVEL = 0;
				GCC_PREPROCESSOR_DEFINITIONS = (
					"DEBUG=1",
					"$(inherited)",
				);
				GCC_WARN_64_TO_32_BIT_CONVERSION = YES;
				GCC_WARN_ABOUT_RETURN_TYPE = YES_ERROR;
				GCC_WARN_UNDECLARED_SELECTOR = YES;
				GCC_WARN_UNINITIALIZED_AUTOS = YES_AGGRESSIVE;
				GCC_WARN_UNUSED_FUNCTION = YES;
				GCC_WARN_UNUSED_VARIABLE = YES;
				IPHONEOS_DEPLOYMENT_TARGET = 15.2;
				MTL_ENABLE_DEBUG_INFO = INCLUDE_SOURCE;
				MTL_FAST_MATH = YES;
				ONLY_ACTIVE_ARCH = YES;
				SDKROOT = iphoneos;
				SWIFT_ACTIVE_COMPILATION_CONDITIONS = DEBUG;
				SWIFT_OPTIMIZATION_LEVEL = "-Onone";
			};
			name = Debug;
		};
		B60F63DD28C8969700E857FC /* Release */ = {
			isa = XCBuildConfiguration;
			buildSettings = {
				ALWAYS_SEARCH_USER_PATHS = NO;
				CLANG_ANALYZER_NONNULL = YES;
				CLANG_ANALYZER_NUMBER_OBJECT_CONVERSION = YES_AGGRESSIVE;
				CLANG_CXX_LANGUAGE_STANDARD = "gnu++17";
				CLANG_CXX_LIBRARY = "libc++";
				CLANG_ENABLE_MODULES = YES;
				CLANG_ENABLE_OBJC_ARC = YES;
				CLANG_ENABLE_OBJC_WEAK = YES;
				CLANG_WARN_BLOCK_CAPTURE_AUTORELEASING = YES;
				CLANG_WARN_BOOL_CONVERSION = YES;
				CLANG_WARN_COMMA = YES;
				CLANG_WARN_CONSTANT_CONVERSION = YES;
				CLANG_WARN_DEPRECATED_OBJC_IMPLEMENTATIONS = YES;
				CLANG_WARN_DIRECT_OBJC_ISA_USAGE = YES_ERROR;
				CLANG_WARN_DOCUMENTATION_COMMENTS = YES;
				CLANG_WARN_EMPTY_BODY = YES;
				CLANG_WARN_ENUM_CONVERSION = YES;
				CLANG_WARN_INFINITE_RECURSION = YES;
				CLANG_WARN_INT_CONVERSION = YES;
				CLANG_WARN_NON_LITERAL_NULL_CONVERSION = YES;
				CLANG_WARN_OBJC_IMPLICIT_RETAIN_SELF = YES;
				CLANG_WARN_OBJC_LITERAL_CONVERSION = YES;
				CLANG_WARN_OBJC_ROOT_CLASS = YES_ERROR;
				CLANG_WARN_QUOTED_INCLUDE_IN_FRAMEWORK_HEADER = YES;
				CLANG_WARN_RANGE_LOOP_ANALYSIS = YES;
				CLANG_WARN_STRICT_PROTOTYPES = YES;
				CLANG_WARN_SUSPICIOUS_MOVE = YES;
				CLANG_WARN_UNGUARDED_AVAILABILITY = YES_AGGRESSIVE;
				CLANG_WARN_UNREACHABLE_CODE = YES;
				CLANG_WARN__DUPLICATE_METHOD_MATCH = YES;
				COPY_PHASE_STRIP = NO;
				DEBUG_INFORMATION_FORMAT = "dwarf-with-dsym";
				ENABLE_NS_ASSERTIONS = NO;
				ENABLE_STRICT_OBJC_MSGSEND = YES;
				GCC_C_LANGUAGE_STANDARD = gnu11;
				GCC_NO_COMMON_BLOCKS = YES;
				GCC_WARN_64_TO_32_BIT_CONVERSION = YES;
				GCC_WARN_ABOUT_RETURN_TYPE = YES_ERROR;
				GCC_WARN_UNDECLARED_SELECTOR = YES;
				GCC_WARN_UNINITIALIZED_AUTOS = YES_AGGRESSIVE;
				GCC_WARN_UNUSED_FUNCTION = YES;
				GCC_WARN_UNUSED_VARIABLE = YES;
				IPHONEOS_DEPLOYMENT_TARGET = 15.2;
				MTL_ENABLE_DEBUG_INFO = NO;
				MTL_FAST_MATH = YES;
				SDKROOT = iphoneos;
				SWIFT_COMPILATION_MODE = wholemodule;
				SWIFT_OPTIMIZATION_LEVEL = "-O";
				VALIDATE_PRODUCT = YES;
			};
			name = Release;
		};
		B60F63DF28C8969700E857FC /* Debug */ = {
			isa = XCBuildConfiguration;
			buildSettings = {
				ASSETCATALOG_COMPILER_APPICON_NAME = AppIcon;
				ASSETCATALOG_COMPILER_GLOBAL_ACCENT_COLOR_NAME = AccentColor;
				CODE_SIGN_STYLE = Automatic;
				CURRENT_PROJECT_VERSION = 1;
				DEVELOPMENT_TEAM = MAAR264X8X;
				GENERATE_INFOPLIST_FILE = YES;
				INFOPLIST_FILE = "ResultType-Example/Info.plist";
				INFOPLIST_KEY_UIApplicationSupportsIndirectInputEvents = YES;
				INFOPLIST_KEY_UILaunchStoryboardName = LaunchScreen;
				INFOPLIST_KEY_UIMainStoryboardFile = Main;
				INFOPLIST_KEY_UISupportedInterfaceOrientations_iPad = "UIInterfaceOrientationPortrait UIInterfaceOrientationPortraitUpsideDown UIInterfaceOrientationLandscapeLeft UIInterfaceOrientationLandscapeRight";
				INFOPLIST_KEY_UISupportedInterfaceOrientations_iPhone = "UIInterfaceOrientationPortrait UIInterfaceOrientationLandscapeLeft UIInterfaceOrientationLandscapeRight";
				LD_RUNPATH_SEARCH_PATHS = (
					"$(inherited)",
					"@executable_path/Frameworks",
				);
				MARKETING_VERSION = 1.0;
				PRODUCT_BUNDLE_IDENTIFIER = "blog.libroid.ios.ResultType-Example";
				PRODUCT_NAME = "$(TARGET_NAME)";
				SWIFT_EMIT_LOC_STRINGS = YES;
				SWIFT_VERSION = 5.0;
				TARGETED_DEVICE_FAMILY = "1,2";
			};
			name = Debug;
		};
		B60F63E028C8969700E857FC /* Release */ = {
			isa = XCBuildConfiguration;
			buildSettings = {
				ASSETCATALOG_COMPILER_APPICON_NAME = AppIcon;
				ASSETCATALOG_COMPILER_GLOBAL_ACCENT_COLOR_NAME = AccentColor;
				CODE_SIGN_STYLE = Automatic;
				CURRENT_PROJECT_VERSION = 1;
				DEVELOPMENT_TEAM = MAAR264X8X;
				GENERATE_INFOPLIST_FILE = YES;
				INFOPLIST_FILE = "ResultType-Example/Info.plist";
				INFOPLIST_KEY_UIApplicationSupportsIndirectInputEvents = YES;
				INFOPLIST_KEY_UILaunchStoryboardName = LaunchScreen;
				INFOPLIST_KEY_UIMainStoryboardFile = Main;
				INFOPLIST_KEY_UISupportedInterfaceOrientations_iPad = "UIInterfaceOrientationPortrait UIInterfaceOrientationPortraitUpsideDown UIInterfaceOrientationLandscapeLeft UIInterfaceOrientationLandscapeRight";
				INFOPLIST_KEY_UISupportedInterfaceOrientations_iPhone = "UIInterfaceOrientationPortrait UIInterfaceOrientationLandscapeLeft UIInterfaceOrientationLandscapeRight";
				LD_RUNPATH_SEARCH_PATHS = (
					"$(inherited)",
					"@executable_path/Frameworks",
				);
				MARKETING_VERSION = 1.0;
				PRODUCT_BUNDLE_IDENTIFIER = "blog.libroid.ios.ResultType-Example";
				PRODUCT_NAME = "$(TARGET_NAME)";
				SWIFT_EMIT_LOC_STRINGS = YES;
				SWIFT_VERSION = 5.0;
				TARGETED_DEVICE_FAMILY = "1,2";
			};
			name = Release;
		};
/* End XCBuildConfiguration section */

/* Begin XCConfigurationList section */
		B60F63C528C8969500E857FC /* Build configuration list for PBXProject "ResultType-Example" */ = {
			isa = XCConfigurationList;
			buildConfigurations = (
				B60F63DC28C8969700E857FC /* Debug */,
				B60F63DD28C8969700E857FC /* Release */,
			);
			defaultConfigurationIsVisible = 0;
			defaultConfigurationName = Release;
		};
		B60F63DE28C8969700E857FC /* Build configuration list for PBXNativeTarget "ResultType-Example" */ = {
			isa = XCConfigurationList;
			buildConfigurations = (
				B60F63DF28C8969700E857FC /* Debug */,
				B60F63E028C8969700E857FC /* Release */,
			);
			defaultConfigurationIsVisible = 0;
			defaultConfigurationName = Release;
		};
/* End XCConfigurationList section */
	};
	rootObject = B60F63C228C8969500E857FC /* Project object */;
}
