// !$*UTF8*$!
{
	archiveVersion = 1;
	classes = {
	};
	objectVersion = 55;
	objects = {

/* Begin PBXBuildFile section */
		B659339628A3B4E300CFA0FB /* AppDelegate.swift in Sources */ = {isa = PBXBuildFile; fileRef = B659339528A3B4E300CFA0FB /* AppDelegate.swift */; };
		B659339828A3B4E300CFA0FB /* SceneDelegate.swift in Sources */ = {isa = PBXBuildFile; fileRef = B659339728A3B4E300CFA0FB /* SceneDelegate.swift */; };
		B659339A28A3B4E300CFA0FB /* LoginViewController.swift in Sources */ = {isa = PBXBuildFile; fileRef = B659339928A3B4E300CFA0FB /* LoginViewController.swift */; };
		B659339F28A3B4E400CFA0FB /* Assets.xcassets in Resources */ = {isa = PBXBuildFile; fileRef = B659339E28A3B4E400CFA0FB /* Assets.xcassets */; };
		B65933A228A3B4E400CFA0FB /* LaunchScreen.storyboard in Resources */ = {isa = PBXBuildFile; fileRef = B65933A028A3B4E400CFA0FB /* LaunchScreen.storyboard */; };
		B65933AA28A3BACF00CFA0FB /* HomeViewController.swift in Sources */ = {isa = PBXBuildFile; fileRef = B65933A928A3BACF00CFA0FB /* HomeViewController.swift */; };
		B65933AC28A3BDB900CFA0FB /* InputView.swift in Sources */ = {isa = PBXBuildFile; fileRef = B65933AB28A3BDB900CFA0FB /* InputView.swift */; };
		B65933B028A3C3EB00CFA0FB /* LoginManager.swift in Sources */ = {isa = PBXBuildFile; fileRef = B65933AF28A3C3EB00CFA0FB /* LoginManager.swift */; };
/* End PBXBuildFile section */

/* Begin PBXFileReference section */
		B659339228A3B4E300CFA0FB /* Agust10.app */ = {isa = PBXFileReference; explicitFileType = wrapper.application; includeInIndex = 0; path = Agust10.app; sourceTree = BUILT_PRODUCTS_DIR; };
		B659339528A3B4E300CFA0FB /* AppDelegate.swift */ = {isa = PBXFileReference; lastKnownFileType = sourcecode.swift; path = AppDelegate.swift; sourceTree = "<group>"; };
		B659339728A3B4E300CFA0FB /* SceneDelegate.swift */ = {isa = PBXFileReference; lastKnownFileType = sourcecode.swift; path = SceneDelegate.swift; sourceTree = "<group>"; };
		B659339928A3B4E300CFA0FB /* LoginViewController.swift */ = {isa = PBXFileReference; lastKnownFileType = sourcecode.swift; path = LoginViewController.swift; sourceTree = "<group>"; };
		B659339E28A3B4E400CFA0FB /* Assets.xcassets */ = {isa = PBXFileReference; lastKnownFileType = folder.assetcatalog; path = Assets.xcassets; sourceTree = "<group>"; };
		B65933A128A3B4E400CFA0FB /* Base */ = {isa = PBXFileReference; lastKnownFileType = file.storyboard; name = Base; path = Base.lproj/LaunchScreen.storyboard; sourceTree = "<group>"; };
		B65933A328A3B4E400CFA0FB /* Info.plist */ = {isa = PBXFileReference; lastKnownFileType = text.plist.xml; path = Info.plist; sourceTree = "<group>"; };
		B65933A928A3BACF00CFA0FB /* HomeViewController.swift */ = {isa = PBXFileReference; lastKnownFileType = sourcecode.swift; path = HomeViewController.swift; sourceTree = "<group>"; };
		B65933AB28A3BDB900CFA0FB /* InputView.swift */ = {isa = PBXFileReference; lastKnownFileType = sourcecode.swift; path = InputView.swift; sourceTree = "<group>"; };
		B65933AF28A3C3EB00CFA0FB /* LoginManager.swift */ = {isa = PBXFileReference; lastKnownFileType = sourcecode.swift; path = LoginManager.swift; sourceTree = "<group>"; };
/* End PBXFileReference section */

/* Begin PBXFrameworksBuildPhase section */
		B659338F28A3B4E300CFA0FB /* Frameworks */ = {
			isa = PBXFrameworksBuildPhase;
			buildActionMask = 2147483647;
			files = (
			);
			runOnlyForDeploymentPostprocessing = 0;
		};
/* End PBXFrameworksBuildPhase section */

/* Begin PBXGroup section */
		B659338928A3B4E300CFA0FB = {
			isa = PBXGroup;
			children = (
				B659339428A3B4E300CFA0FB /* Agust10 */,
				B659339328A3B4E300CFA0FB /* Products */,
			);
			sourceTree = "<group>";
		};
		B659339328A3B4E300CFA0FB /* Products */ = {
			isa = PBXGroup;
			children = (
				B659339228A3B4E300CFA0FB /* Agust10.app */,
			);
			name = Products;
			sourceTree = "<group>";
		};
		B659339428A3B4E300CFA0FB /* Agust10 */ = {
			isa = PBXGroup;
			children = (
				B65933A328A3B4E400CFA0FB /* Info.plist */,
				B659339E28A3B4E400CFA0FB /* Assets.xcassets */,
				B65933A028A3B4E400CFA0FB /* LaunchScreen.storyboard */,
				B659339528A3B4E300CFA0FB /* AppDelegate.swift */,
				B659339728A3B4E300CFA0FB /* SceneDelegate.swift */,
				B65933AF28A3C3EB00CFA0FB /* LoginManager.swift */,
				B65933AD28A3C39900CFA0FB /* ViewController */,
				B65933AE28A3C3B900CFA0FB /* View */,
			);
			path = Agust10;
			sourceTree = "<group>";
		};
		B65933AD28A3C39900CFA0FB /* ViewController */ = {
			isa = PBXGroup;
			children = (
				B659339928A3B4E300CFA0FB /* LoginViewController.swift */,
				B65933A928A3BACF00CFA0FB /* HomeViewController.swift */,
			);
			path = ViewController;
			sourceTree = "<group>";
		};
		B65933AE28A3C3B900CFA0FB /* View */ = {
			isa = PBXGroup;
			children = (
				B65933AB28A3BDB900CFA0FB /* InputView.swift */,
			);
			path = View;
			sourceTree = "<group>";
		};
/* End PBXGroup section */

/* Begin PBXNativeTarget section */
		B659339128A3B4E300CFA0FB /* Agust10 */ = {
			isa = PBXNativeTarget;
			buildConfigurationList = B65933A628A3B4E400CFA0FB /* Build configuration list for PBXNativeTarget "Agust10" */;
			buildPhases = (
				B659338E28A3B4E300CFA0FB /* Sources */,
				B659338F28A3B4E300CFA0FB /* Frameworks */,
				B659339028A3B4E300CFA0FB /* Resources */,
			);
			buildRules = (
			);
			dependencies = (
			);
			name = Agust10;
			productName = Agust10;
			productReference = B659339228A3B4E300CFA0FB /* Agust10.app */;
			productType = "com.apple.product-type.application";
		};
/* End PBXNativeTarget section */

/* Begin PBXProject section */
		B659338A28A3B4E300CFA0FB /* Project object */ = {
			isa = PBXProject;
			attributes = {
				BuildIndependentTargetsInParallel = 1;
				LastSwiftUpdateCheck = 1320;
				LastUpgradeCheck = 1320;
				TargetAttributes = {
					B659339128A3B4E300CFA0FB = {
						CreatedOnToolsVersion = 13.2.1;
					};
				};
			};
			buildConfigurationList = B659338D28A3B4E300CFA0FB /* Build configuration list for PBXProject "Agust10" */;
			compatibilityVersion = "Xcode 13.0";
			developmentRegion = en;
			hasScannedForEncodings = 0;
			knownRegions = (
				en,
				Base,
			);
			mainGroup = B659338928A3B4E300CFA0FB;
			productRefGroup = B659339328A3B4E300CFA0FB /* Products */;
			projectDirPath = "";
			projectRoot = "";
			targets = (
				B659339128A3B4E300CFA0FB /* Agust10 */,
			);
		};
/* End PBXProject section */

/* Begin PBXResourcesBuildPhase section */
		B659339028A3B4E300CFA0FB /* Resources */ = {
			isa = PBXResourcesBuildPhase;
			buildActionMask = 2147483647;
			files = (
				B65933A228A3B4E400CFA0FB /* LaunchScreen.storyboard in Resources */,
				B659339F28A3B4E400CFA0FB /* Assets.xcassets in Resources */,
			);
			runOnlyForDeploymentPostprocessing = 0;
		};
/* End PBXResourcesBuildPhase section */

/* Begin PBXSourcesBuildPhase section */
		B659338E28A3B4E300CFA0FB /* Sources */ = {
			isa = PBXSourcesBuildPhase;
			buildActionMask = 2147483647;
			files = (
				B659339A28A3B4E300CFA0FB /* LoginViewController.swift in Sources */,
				B659339628A3B4E300CFA0FB /* AppDelegate.swift in Sources */,
				B65933AC28A3BDB900CFA0FB /* InputView.swift in Sources */,
				B659339828A3B4E300CFA0FB /* SceneDelegate.swift in Sources */,
				B65933AA28A3BACF00CFA0FB /* HomeViewController.swift in Sources */,
				B65933B028A3C3EB00CFA0FB /* LoginManager.swift in Sources */,
			);
			runOnlyForDeploymentPostprocessing = 0;
		};
/* End PBXSourcesBuildPhase section */

/* Begin PBXVariantGroup section */
		B65933A028A3B4E400CFA0FB /* LaunchScreen.storyboard */ = {
			isa = PBXVariantGroup;
			children = (
				B65933A128A3B4E400CFA0FB /* Base */,
			);
			name = LaunchScreen.storyboard;
			sourceTree = "<group>";
		};
/* End PBXVariantGroup section */

/* Begin XCBuildConfiguration section */
		B65933A428A3B4E400CFA0FB /* Debug */ = {
			isa = XCBuildConfiguration;
			buildSettings = {
				ALWAYS_SEARCH_USER_PATHS = NO;
				CLANG_ANALYZER_NONNULL = YES;
				CLANG_ANALYZER_NUMBER_OBJECT_CONVERSION = YES_AGGRESSIVE;
				CLANG_CXX_LANGUAGE_STANDARD = "gnu++17";
				CLANG_CXX_LIBRARY = "libc++";
				CLANG_ENABLE_MODULES = YES;
				CLANG_ENABLE_OBJC_ARC = YES;
				CLANG_ENABLE_OBJC_WEAK = YES;
				CLANG_WARN_BLOCK_CAPTURE_AUTORELEASING = YES;
				CLANG_WARN_BOOL_CONVERSION = YES;
				CLANG_WARN_COMMA = YES;
				CLANG_WARN_CONSTANT_CONVERSION = YES;
				CLANG_WARN_DEPRECATED_OBJC_IMPLEMENTATIONS = YES;
				CLANG_WARN_DIRECT_OBJC_ISA_USAGE = YES_ERROR;
				CLANG_WARN_DOCUMENTATION_COMMENTS = YES;
				CLANG_WARN_EMPTY_BODY = YES;
				CLANG_WARN_ENUM_CONVERSION = YES;
				CLANG_WARN_INFINITE_RECURSION = YES;
				CLANG_WARN_INT_CONVERSION = YES;
				CLANG_WARN_NON_LITERAL_NULL_CONVERSION = YES;
				CLANG_WARN_OBJC_IMPLICIT_RETAIN_SELF = YES;
				CLANG_WARN_OBJC_LITERAL_CONVERSION = YES;
				CLANG_WARN_OBJC_ROOT_CLASS = YES_ERROR;
				CLANG_WARN_QUOTED_INCLUDE_IN_FRAMEWORK_HEADER = YES;
				CLANG_WARN_RANGE_LOOP_ANALYSIS = YES;
				CLANG_WARN_STRICT_PROTOTYPES = YES;
				CLANG_WARN_SUSPICIOUS_MOVE = YES;
				CLANG_WARN_UNGUARDED_AVAILABILITY = YES_AGGRESSIVE;
				CLANG_WARN_UNREACHABLE_CODE = YES;
				CLANG_WARN__DUPLICATE_METHOD_MATCH = YES;
				COPY_PHASE_STRIP = NO;
				DEBUG_INFORMATION_FORMAT = dwarf;
				ENABLE_STRICT_OBJC_MSGSEND = YES;
				ENABLE_TESTABILITY = YES;
				GCC_C_LANGUAGE_STANDARD = gnu11;
				GCC_DYNAMIC_NO_PIC = NO;
				GCC_NO_COMMON_BLOCKS = YES;
				GCC_OPTIMIZATION_LEVEL = 0;
				GCC_PREPROCESSOR_DEFINITIONS = (
					"DEBUG=1",
					"$(inherited)",
				);
				GCC_WARN_64_TO_32_BIT_CONVERSION = YES;
				GCC_WARN_ABOUT_RETURN_TYPE = YES_ERROR;
				GCC_WARN_UNDECLARED_SELECTOR = YES;
				GCC_WARN_UNINITIALIZED_AUTOS = YES_AGGRESSIVE;
				GCC_WARN_UNUSED_FUNCTION = YES;
				GCC_WARN_UNUSED_VARIABLE = YES;
				IPHONEOS_DEPLOYMENT_TARGET = 15.2;
				MTL_ENABLE_DEBUG_INFO = INCLUDE_SOURCE;
				MTL_FAST_MATH = YES;
				ONLY_ACTIVE_ARCH = YES;
				SDKROOT = iphoneos;
				SWIFT_ACTIVE_COMPILATION_CONDITIONS = DEBUG;
				SWIFT_OPTIMIZATION_LEVEL = "-Onone";
			};
			name = Debug;
		};
		B65933A528A3B4E400CFA0FB /* Release */ = {
			isa = XCBuildConfiguration;
			buildSettings = {
				ALWAYS_SEARCH_USER_PATHS = NO;
				CLANG_ANALYZER_NONNULL = YES;
				CLANG_ANALYZER_NUMBER_OBJECT_CONVERSION = YES_AGGRESSIVE;
				CLANG_CXX_LANGUAGE_STANDARD = "gnu++17";
				CLANG_CXX_LIBRARY = "libc++";
				CLANG_ENABLE_MODULES = YES;
				CLANG_ENABLE_OBJC_ARC = YES;
				CLANG_ENABLE_OBJC_WEAK = YES;
				CLANG_WARN_BLOCK_CAPTURE_AUTORELEASING = YES;
				CLANG_WARN_BOOL_CONVERSION = YES;
				CLANG_WARN_COMMA = YES;
				CLANG_WARN_CONSTANT_CONVERSION = YES;
				CLANG_WARN_DEPRECATED_OBJC_IMPLEMENTATIONS = YES;
				CLANG_WARN_DIRECT_OBJC_ISA_USAGE = YES_ERROR;
				CLANG_WARN_DOCUMENTATION_COMMENTS = YES;
				CLANG_WARN_EMPTY_BODY = YES;
				CLANG_WARN_ENUM_CONVERSION = YES;
				CLANG_WARN_INFINITE_RECURSION = YES;
				CLANG_WARN_INT_CONVERSION = YES;
				CLANG_WARN_NON_LITERAL_NULL_CONVERSION = YES;
				CLANG_WARN_OBJC_IMPLICIT_RETAIN_SELF = YES;
				CLANG_WARN_OBJC_LITERAL_CONVERSION = YES;
				CLANG_WARN_OBJC_ROOT_CLASS = YES_ERROR;
				CLANG_WARN_QUOTED_INCLUDE_IN_FRAMEWORK_HEADER = YES;
				CLANG_WARN_RANGE_LOOP_ANALYSIS = YES;
				CLANG_WARN_STRICT_PROTOTYPES = YES;
				CLANG_WARN_SUSPICIOUS_MOVE = YES;
				CLANG_WARN_UNGUARDED_AVAILABILITY = YES_AGGRESSIVE;
				CLANG_WARN_UNREACHABLE_CODE = YES;
				CLANG_WARN__DUPLICATE_METHOD_MATCH = YES;
				COPY_PHASE_STRIP = NO;
				DEBUG_INFORMATION_FORMAT = "dwarf-with-dsym";
				ENABLE_NS_ASSERTIONS = NO;
				ENABLE_STRICT_OBJC_MSGSEND = YES;
				GCC_C_LANGUAGE_STANDARD = gnu11;
				GCC_NO_COMMON_BLOCKS = YES;
				GCC_WARN_64_TO_32_BIT_CONVERSION = YES;
				GCC_WARN_ABOUT_RETURN_TYPE = YES_ERROR;
				GCC_WARN_UNDECLARED_SELECTOR = YES;
				GCC_WARN_UNINITIALIZED_AUTOS = YES_AGGRESSIVE;
				GCC_WARN_UNUSED_FUNCTION = YES;
				GCC_WARN_UNUSED_VARIABLE = YES;
				IPHONEOS_DEPLOYMENT_TARGET = 15.2;
				MTL_ENABLE_DEBUG_INFO = NO;
				MTL_FAST_MATH = YES;
				SDKROOT = iphoneos;
				SWIFT_COMPILATION_MODE = wholemodule;
				SWIFT_OPTIMIZATION_LEVEL = "-O";
				VALIDATE_PRODUCT = YES;
			};
			name = Release;
		};
		B65933A728A3B4E400CFA0FB /* Debug */ = {
			isa = XCBuildConfiguration;
			buildSettings = {
				ASSETCATALOG_COMPILER_APPICON_NAME = AppIcon;
				ASSETCATALOG_COMPILER_GLOBAL_ACCENT_COLOR_NAME = AccentColor;
				CODE_SIGN_STYLE = Automatic;
				CURRENT_PROJECT_VERSION = 1;
				DEVELOPMENT_TEAM = MAAR264X8X;
				GENERATE_INFOPLIST_FILE = YES;
				INFOPLIST_FILE = Agust10/Info.plist;
				INFOPLIST_KEY_UIApplicationSupportsIndirectInputEvents = YES;
				INFOPLIST_KEY_UILaunchStoryboardName = LaunchScreen;
				INFOPLIST_KEY_UISupportedInterfaceOrientations_iPad = "UIInterfaceOrientationPortrait UIInterfaceOrientationPortraitUpsideDown UIInterfaceOrientationLandscapeLeft UIInterfaceOrientationLandscapeRight";
				INFOPLIST_KEY_UISupportedInterfaceOrientations_iPhone = "UIInterfaceOrientationPortrait UIInterfaceOrientationLandscapeLeft UIInterfaceOrientationLandscapeRight";
				LD_RUNPATH_SEARCH_PATHS = (
					"$(inherited)",
					"@executable_path/Frameworks",
				);
				MARKETING_VERSION = 1.0;
				PRODUCT_BUNDLE_IDENTIFIER = blog.libroid.ios.Agust10;
				PRODUCT_NAME = "$(TARGET_NAME)";
				SWIFT_EMIT_LOC_STRINGS = YES;
				SWIFT_VERSION = 5.0;
				TARGETED_DEVICE_FAMILY = "1,2";
			};
			name = Debug;
		};
		B65933A828A3B4E400CFA0FB /* Release */ = {
			isa = XCBuildConfiguration;
			buildSettings = {
				ASSETCATALOG_COMPILER_APPICON_NAME = AppIcon;
				ASSETCATALOG_COMPILER_GLOBAL_ACCENT_COLOR_NAME = AccentColor;
				CODE_SIGN_STYLE = Automatic;
				CURRENT_PROJECT_VERSION = 1;
				DEVELOPMENT_TEAM = MAAR264X8X;
				GENERATE_INFOPLIST_FILE = YES;
				INFOPLIST_FILE = Agust10/Info.plist;
				INFOPLIST_KEY_UIApplicationSupportsIndirectInputEvents = YES;
				INFOPLIST_KEY_UILaunchStoryboardName = LaunchScreen;
				INFOPLIST_KEY_UISupportedInterfaceOrientations_iPad = "UIInterfaceOrientationPortrait UIInterfaceOrientationPortraitUpsideDown UIInterfaceOrientationLandscapeLeft UIInterfaceOrientationLandscapeRight";
				INFOPLIST_KEY_UISupportedInterfaceOrientations_iPhone = "UIInterfaceOrientationPortrait UIInterfaceOrientationLandscapeLeft UIInterfaceOrientationLandscapeRight";
				LD_RUNPATH_SEARCH_PATHS = (
					"$(inherited)",
					"@executable_path/Frameworks",
				);
				MARKETING_VERSION = 1.0;
				PRODUCT_BUNDLE_IDENTIFIER = blog.libroid.ios.Agust10;
				PRODUCT_NAME = "$(TARGET_NAME)";
				SWIFT_EMIT_LOC_STRINGS = YES;
				SWIFT_VERSION = 5.0;
				TARGETED_DEVICE_FAMILY = "1,2";
			};
			name = Release;
		};
/* End XCBuildConfiguration section */

/* Begin XCConfigurationList section */
		B659338D28A3B4E300CFA0FB /* Build configuration list for PBXProject "Agust10" */ = {
			isa = XCConfigurationList;
			buildConfigurations = (
				B65933A428A3B4E400CFA0FB /* Debug */,
				B65933A528A3B4E400CFA0FB /* Release */,
			);
			defaultConfigurationIsVisible = 0;
			defaultConfigurationName = Release;
		};
		B65933A628A3B4E400CFA0FB /* Build configuration list for PBXNativeTarget "Agust10" */ = {
			isa = XCConfigurationList;
			buildConfigurations = (
				B65933A728A3B4E400CFA0FB /* Debug */,
				B65933A828A3B4E400CFA0FB /* Release */,
			);
			defaultConfigurationIsVisible = 0;
			defaultConfigurationName = Release;
		};
/* End XCConfigurationList section */
	};
	rootObject = B659338A28A3B4E300CFA0FB /* Project object */;
}
